
Microsoft Visual Studio Solution File, Format Version 12.00
# Visual Studio Version 17
VisualStudioVersion = 17.14.36414.22 d17.14
MinimumVisualStudioVersion = 10.0.40219.1
Project("{FAE04EC0-301F-11D3-BF4B-00C04F79EFBC}") = "Variaveis", "Variaveis\Variaveis.csproj", "{3B42F319-EA22-4759-9B4C-1AE9FA06FDDF}"
EndProject
Global
	GlobalSection(SolutionConfigurationPlatforms) = preSolution
		Debug|Any CPU = Debug|Any CPU
		Release|Any CPU = Release|Any CPU
	EndGlobalSection
	GlobalSection(ProjectConfigurationPlatforms) = postSolution
		{3B42F319-EA22-4759-9B4C-1AE9FA06FDDF}.Debug|Any CPU.ActiveCfg = Debug|Any CPU
		{3B42F319-EA22-4759-9B4C-1AE9FA06FDDF}.Debug|Any CPU.Build.0 = Debug|Any CPU
		{3B42F319-EA22-4759-9B4C-1AE9FA06FDDF}.Release|Any CPU.ActiveCfg = Release|Any CPU
		{3B42F319-EA22-4759-9B4C-1AE9FA06FDDF}.Release|Any CPU.Build.0 = Release|Any CPU
	EndGlobalSection
	GlobalSection(SolutionProperties) = preSolution
		HideSolutionNode = FALSE
	EndGlobalSection
	GlobalSection(ExtensibilityGlobals) = postSolution
		SolutionGuid = {C3399672-0BAB-470D-8D34-8797639F53A1}
	EndGlobalSection
EndGlobal
