
Microsoft Visual Studio Solution File, Format Version 12.00
# Visual Studio Version 17
VisualStudioVersion = 17.14.36414.22 d17.14
MinimumVisualStudioVersion = 10.0.40219.1
Project("{FAE04EC0-301F-11D3-BF4B-00C04F79EFBC}") = "EstruturaControles", "EstruturaControles\EstruturaControles.csproj", "{8AF64F3A-ABD0-4324-97D0-48815BB94ECE}"
EndProject
Global
	GlobalSection(SolutionConfigurationPlatforms) = preSolution
		Debug|Any CPU = Debug|Any CPU
		Release|Any CPU = Release|Any CPU
	EndGlobalSection
	GlobalSection(ProjectConfigurationPlatforms) = postSolution
		{8AF64F3A-ABD0-4324-97D0-48815BB94ECE}.Debug|Any CPU.ActiveCfg = Debug|Any CPU
		{8AF64F3A-ABD0-4324-97D0-48815BB94ECE}.Debug|Any CPU.Build.0 = Debug|Any CPU
		{8AF64F3A-ABD0-4324-97D0-48815BB94ECE}.Release|Any CPU.ActiveCfg = Release|Any CPU
		{8AF64F3A-ABD0-4324-97D0-48815BB94ECE}.Release|Any CPU.Build.0 = Release|Any CPU
	EndGlobalSection
	GlobalSection(SolutionProperties) = preSolution
		HideSolutionNode = FALSE
	EndGlobalSection
	GlobalSection(ExtensibilityGlobals) = postSolution
		SolutionGuid = {F3263C20-1354-4342-8ED9-1270ADA96F5C}
	EndGlobalSection
EndGlobal
