
Microsoft Visual Studio Solution File, Format Version 12.00
# Visual Studio Version 17
VisualStudioVersion = 17.14.36414.22 d17.14
MinimumVisualStudioVersion = 10.0.40219.1
Project("{FAE04EC0-301F-11D3-BF4B-00C04F79EFBC}") = "ConversaoDeDados", "ConversaoDeDados\ConversaoDeDados.csproj", "{00217F27-486E-4183-96BE-7480B5178F78}"
EndProject
Global
	GlobalSection(SolutionConfigurationPlatforms) = preSolution
		Debug|Any CPU = Debug|Any CPU
		Release|Any CPU = Release|Any CPU
	EndGlobalSection
	GlobalSection(ProjectConfigurationPlatforms) = postSolution
		{00217F27-486E-4183-96BE-7480B5178F78}.Debug|Any CPU.ActiveCfg = Debug|Any CPU
		{00217F27-486E-4183-96BE-7480B5178F78}.Debug|Any CPU.Build.0 = Debug|Any CPU
		{00217F27-486E-4183-96BE-7480B5178F78}.Release|Any CPU.ActiveCfg = Release|Any CPU
		{00217F27-486E-4183-96BE-7480B5178F78}.Release|Any CPU.Build.0 = Release|Any CPU
	EndGlobalSection
	GlobalSection(SolutionProperties) = preSolution
		HideSolutionNode = FALSE
	EndGlobalSection
	GlobalSection(ExtensibilityGlobals) = postSolution
		SolutionGuid = {A8101F3D-DC11-4360-AF0F-582D2544A84B}
	EndGlobalSection
EndGlobal
