
Microsoft Visual Studio Solution File, Format Version 12.00
# Visual Studio Version 17
VisualStudioVersion = 17.14.36414.22 d17.14
MinimumVisualStudioVersion = 10.0.40219.1
Project("{FAE04EC0-301F-11D3-BF4B-00C04F79EFBC}") = "MyConsoleApp", "MyConsoleApp\MyConsoleApp.csproj", "{D45EF46B-C1A4-46C1-B554-382484C050CD}"
EndProject
Global
	GlobalSection(SolutionConfigurationPlatforms) = preSolution
		Debug|Any CPU = Debug|Any CPU
		Release|Any CPU = Release|Any CPU
	EndGlobalSection
	GlobalSection(ProjectConfigurationPlatforms) = postSolution
		{D45EF46B-C1A4-46C1-B554-382484C050CD}.Debug|Any CPU.ActiveCfg = Debug|Any CPU
		{D45EF46B-C1A4-46C1-B554-382484C050CD}.Debug|Any CPU.Build.0 = Debug|Any CPU
		{D45EF46B-C1A4-46C1-B554-382484C050CD}.Release|Any CPU.ActiveCfg = Release|Any CPU
		{D45EF46B-C1A4-46C1-B554-382484C050CD}.Release|Any CPU.Build.0 = Release|Any CPU
	EndGlobalSection
	GlobalSection(SolutionProperties) = preSolution
		HideSolutionNode = FALSE
	EndGlobalSection
	GlobalSection(ExtensibilityGlobals) = postSolution
		SolutionGuid = {F8A41021-2CBF-4288-A35B-4F044A7E9C76}
	EndGlobalSection
EndGlobal
