
Microsoft Visual Studio Solution File, Format Version 12.00
# Visual Studio Version 17
VisualStudioVersion = 17.14.36414.22 d17.14
MinimumVisualStudioVersion = 10.0.40219.1
Project("{FAE04EC0-301F-11D3-BF4B-00C04F79EFBC}") = "OlaMundo", "OlaMundo\OlaMundo.csproj", "{D565A2AB-8EEA-4EBA-9F2A-9B8E91FE9CEC}"
EndProject
Project("{FAE04EC0-301F-11D3-BF4B-00C04F79EFBC}") = "FormsApp1NetFramework", "FormsApp1NetFramework\FormsApp1NetFramework.csproj", "{335C8B00-12C9-4F52-B4FC-D544455F8430}"
EndProject
Project("{FAE04EC0-301F-11D3-BF4B-00C04F79EFBC}") = "ConsoleAppDotNet", "ConsoleAppDotNet\ConsoleAppDotNet.csproj", "{D482E615-A638-49E8-ABEE-A3D8BA0E6AC5}"
EndProject
Project("{FAE04EC0-301F-11D3-BF4B-00C04F79EFBC}") = "ConsoleApp1DotNetFrameWork", "ConsoleApp1DotNetFrameWork\ConsoleApp1DotNetFrameWork.csproj", "{5B870BFC-79BA-48B9-96A3-D90507EA1123}"
EndProject
Project("{FAE04EC0-301F-11D3-BF4B-00C04F79EFBC}") = "ConsoleAppTopLevel", "ConsoleAppTopLevel\ConsoleAppTopLevel.csproj", "{8E683900-9289-4112-9348-5F1B4BB66540}"
EndProject
Global
	GlobalSection(SolutionConfigurationPlatforms) = preSolution
		Debug|Any CPU = Debug|Any CPU
		Release|Any CPU = Release|Any CPU
	EndGlobalSection
	GlobalSection(ProjectConfigurationPlatforms) = postSolution
		{D565A2AB-8EEA-4EBA-9F2A-9B8E91FE9CEC}.Debug|Any CPU.ActiveCfg = Debug|Any CPU
		{D565A2AB-8EEA-4EBA-9F2A-9B8E91FE9CEC}.Debug|Any CPU.Build.0 = Debug|Any CPU
		{D565A2AB-8EEA-4EBA-9F2A-9B8E91FE9CEC}.Release|Any CPU.ActiveCfg = Release|Any CPU
		{D565A2AB-8EEA-4EBA-9F2A-9B8E91FE9CEC}.Release|Any CPU.Build.0 = Release|Any CPU
		{335C8B00-12C9-4F52-B4FC-D544455F8430}.Debug|Any CPU.ActiveCfg = Debug|Any CPU
		{335C8B00-12C9-4F52-B4FC-D544455F8430}.Debug|Any CPU.Build.0 = Debug|Any CPU
		{335C8B00-12C9-4F52-B4FC-D544455F8430}.Release|Any CPU.ActiveCfg = Release|Any CPU
		{335C8B00-12C9-4F52-B4FC-D544455F8430}.Release|Any CPU.Build.0 = Release|Any CPU
		{D482E615-A638-49E8-ABEE-A3D8BA0E6AC5}.Debug|Any CPU.ActiveCfg = Debug|Any CPU
		{D482E615-A638-49E8-ABEE-A3D8BA0E6AC5}.Debug|Any CPU.Build.0 = Debug|Any CPU
		{D482E615-A638-49E8-ABEE-A3D8BA0E6AC5}.Release|Any CPU.ActiveCfg = Release|Any CPU
		{D482E615-A638-49E8-ABEE-A3D8BA0E6AC5}.Release|Any CPU.Build.0 = Release|Any CPU
		{5B870BFC-79BA-48B9-96A3-D90507EA1123}.Debug|Any CPU.ActiveCfg = Debug|Any CPU
		{5B870BFC-79BA-48B9-96A3-D90507EA1123}.Debug|Any CPU.Build.0 = Debug|Any CPU
		{5B870BFC-79BA-48B9-96A3-D90507EA1123}.Release|Any CPU.ActiveCfg = Release|Any CPU
		{5B870BFC-79BA-48B9-96A3-D90507EA1123}.Release|Any CPU.Build.0 = Release|Any CPU
		{8E683900-9289-4112-9348-5F1B4BB66540}.Debug|Any CPU.ActiveCfg = Debug|Any CPU
		{8E683900-9289-4112-9348-5F1B4BB66540}.Debug|Any CPU.Build.0 = Debug|Any CPU
		{8E683900-9289-4112-9348-5F1B4BB66540}.Release|Any CPU.ActiveCfg = Release|Any CPU
		{8E683900-9289-4112-9348-5F1B4BB66540}.Release|Any CPU.Build.0 = Release|Any CPU
	EndGlobalSection
	GlobalSection(SolutionProperties) = preSolution
		HideSolutionNode = FALSE
	EndGlobalSection
	GlobalSection(ExtensibilityGlobals) = postSolution
		SolutionGuid = {B98BEDC7-89E9-457A-892B-163049699B87}
	EndGlobalSection
EndGlobal
